{
  "pins" : [
    {
      "identity" : "azookeykanakanjiconverter",
      "kind" : "remoteSourceControl",
      "location" : "https://github.com/azooKey/AzooKeyKanaKanjiConverter",
      "state" : {
        "revision" : "80b8204f1cdfb364bb2ed355cf52c7ebb2519a0c",
        "version" : "0.11.2"
      }
    },
    {
      "identity" : "jinja",
      "kind" : "remoteSourceControl",
      "location" : "https://github.com/johnmai-dev/Jinja",
      "state" : {
        "revision" : "31c4dd39bcdc07eaa42a384bdc88ea599022b800",
        "version" : "1.1.2"
      }
    },
    {
      "identity" : "swift-algorithms",
      "kind" : "remoteSourceControl",
      "location" : "https://github.com/apple/swift-algorithms",
      "state" : {
        "revision" : "87e50f483c54e6efd60e885f7f5aa946cee68023",
        "version" : "1.2.1"
      }
    },
    {
      "identity" : "swift-collections",
      "kind" : "remoteSourceControl",
      "location" : "https://github.com/apple/swift-collections",
      "state" : {
        "revision" : "fea17c02d767f46b23070fdfdacc28a03a39232a",
        "version" : "1.5.1"
      }
    },
    {
      "identity" : "swift-numerics",
      "kind" : "remoteSourceControl",
      "location" : "https://github.com/apple/swift-numerics.git",
      "state" : {
        "revision" : "0c0290ff6b24942dadb83a929ffaaa1481df04a2",
        "version" : "1.1.1"
      }
    },
    {
      "identity" : "swift-tokenizers",
      "kind" : "remoteSourceControl",
      "location" : "https://github.com/ensan-hcl/swift-tokenizers",
      "state" : {
        "revision" : "4a606f66e0cc4d7d9f0197649e812f7fc86a4c34",
        "version" : "0.0.1"
      }
    }
  ],
  "version" : 2
}
